
Microsoft Visual Studio Solution File, Format Version 12.00
# Visual Studio Version 17
VisualStudioVersion = 17.6.33815.320
MinimumVisualStudioVersion = 10.0.40219.1
Project("{FAE04EC0-301F-11D3-BF4B-00C04F79EFBC}") = "H1_Extra_Factory", "H1_Extra_Factory\H1_Extra_Factory.csproj", "{464EB492-854A-4464-9BB1-C2EEADBC0B7A}"
EndProject
Global
	GlobalSection(SolutionConfigurationPlatforms) = preSolution
		Debug|Any CPU = Debug|Any CPU
		Release|Any CPU = Release|Any CPU
	EndGlobalSection
	GlobalSection(ProjectConfigurationPlatforms) = postSolution
		{464EB492-854A-4464-9BB1-C2EEADBC0B7A}.Debug|Any CPU.ActiveCfg = Debug|Any CPU
		{464EB492-854A-4464-9BB1-C2EEADBC0B7A}.Debug|Any CPU.Build.0 = Debug|Any CPU
		{464EB492-854A-4464-9BB1-C2EEADBC0B7A}.Release|Any CPU.ActiveCfg = Release|Any CPU
		{464EB492-854A-4464-9BB1-C2EEADBC0B7A}.Release|Any CPU.Build.0 = Release|Any CPU
	EndGlobalSection
	GlobalSection(SolutionProperties) = preSolution
		HideSolutionNode = FALSE
	EndGlobalSection
	GlobalSection(ExtensibilityGlobals) = postSolution
		SolutionGuid = {17CA339A-B025-461D-AF23-122C834A84EB}
	EndGlobalSection
EndGlobal
